
Microsoft Visual Studio Solution File, Format Version 12.00
# Visual Studio Version 17
VisualStudioVersion = 17.0.32014.148
MinimumVisualStudioVersion = 10.0.40219.1
Project("{9A19103F-16F7-4668-BE54-9A1E7A4F7556}") = "ShopListBot", "ShopListBot\ShopListBot.csproj", "{AF1394EC-7AC2-41C1-9F35-D87F74926D7C}"
EndProject
Global
	GlobalSection(SolutionConfigurationPlatforms) = preSolution
		Debug|Any CPU = Debug|Any CPU
		Release|Any CPU = Release|Any CPU
	EndGlobalSection
	GlobalSection(ProjectConfigurationPlatforms) = postSolution
		{AF1394EC-7AC2-41C1-9F35-D87F74926D7C}.Debug|Any CPU.ActiveCfg = Debug|Any CPU
		{AF1394EC-7AC2-41C1-9F35-D87F74926D7C}.Debug|Any CPU.Build.0 = Debug|Any CPU
		{AF1394EC-7AC2-41C1-9F35-D87F74926D7C}.Release|Any CPU.ActiveCfg = Release|Any CPU
		{AF1394EC-7AC2-41C1-9F35-D87F74926D7C}.Release|Any CPU.Build.0 = Release|Any CPU
	EndGlobalSection
	GlobalSection(SolutionProperties) = preSolution
		HideSolutionNode = FALSE
	EndGlobalSection
	GlobalSection(ExtensibilityGlobals) = postSolution
		SolutionGuid = {3657D9E2-18F6-4610-8D08-9E588181B70F}
	EndGlobalSection
EndGlobal
